PODS:
  - LDTeamPerformanceTrackerLib (0.1.0)

DEPENDENCIES:
  - LDTeamPerformanceTrackerLib (from `../`)

EXTERNAL SOURCES:
  LDTeamPerformanceTrackerLib:
    :path: "../"

SPEC CHECKSUMS:
  LDTeamPerformanceTrackerLib: 3f0f5602981ce3ee55f5e9cf02119fe8169eb096

PODFILE CHECKSUM: fc6729c79ccc2a7d83015f3a7a1161ccf99807ec

COCOAPODS: 1.16.2
